dependencies:
- name: application
  repository: https://stakater.github.io/stakater-charts
  version: 9.3.1
- name: application
  repository: https://stakater.github.io/stakater-charts
  version: 9.3.1
- name: application
  repository: https://stakater.github.io/stakater-charts
  version: 9.3.1
- name: application
  repository: https://stakater.github.io/stakater-charts
  version: 9.3.1
- name: application
  repository: https://stakater.github.io/stakater-charts
  version: 9.3.1
- name: costgraph-common
  repository: file://../costgraph-common
  version: 0.2.0
digest: sha256:8b4f9faf20a7d2504c0e24ad163a1543f652f49078eca51c0728b8c6ea9f6f48
generated: "2026-08-29T11:29:48.372772+01:00"
