dependencies:
- name: application
  repository: https://stakater.github.io/stakater-charts
  version: 9.3.1
- name: kube-state-metrics
  repository: https://prometheus-community.github.io/helm-charts
  version: 5.27.1
- name: cadvisor
  repository: https://charts.bitnami.com/bitnami
  version: 0.1.13
- name: dcgm-exporter
  repository: https://nvidia.github.io/dcgm-exporter/helm-charts
  version: 3.6.1
- name: prometheus-node-exporter
  repository: https://prometheus-community.github.io/helm-charts
  version: 4.56.1
digest: sha256:70c799039b71f5c6f1589ec25a63dddc9dc5e11867cf74fee19a6a94f19102cf
generated: "2026-08-28T15:10:11.55889+01:00"
