dependencies:
- name: kube-state-metrics
  repository: https://prometheus-community.github.io/helm-charts
  version: 5.27.1
- name: cadvisor
  repository: https://charts.bitnami.com/bitnami
  version: 0.1.13
digest: sha256:c26e65b8c0e137114855071616095d639bce503d01438bb65c0aee6b5197d757
generated: "2026-03-05T17:51:05.641137209Z"
