dependencies:
- name: application
  repository: https://stakater.github.io/stakater-charts
  version: 9.3.1
- name: kube-state-metrics
  repository: https://prometheus-community.github.io/helm-charts
  version: 5.27.1
- name: cadvisor
  repository: https://charts.bitnami.com/bitnami
  version: 0.1.13
- name: dcgm-exporter
  repository: https://nvidia.github.io/dcgm-exporter/helm-charts
  version: 3.6.1
- name: prometheus-node-exporter
  repository: https://prometheus-community.github.io/helm-charts
  version: 4.56.1
- name: costgraph-common
  repository: file://../costgraph-common
  version: 0.2.0
digest: sha256:5a6d316d88d31372567a0d2ed64b199ac18e74a61383393cc359c06e9c4a08d6
generated: "2026-08-29T11:41:04.394701+01:00"
